
Microsoft Visual Studio Solution File, Format Version 12.00
# Visual Studio Version 17
VisualStudioVersion = 17.11.35303.130
MinimumVisualStudioVersion = 10.0.40219.1
Project("{FAE04EC0-301F-11D3-BF4B-00C04F79EFBC}") = "Task1", "Task1.csproj", "{14CB0A7C-78EF-4B20-AF70-DFDC36EA29CA}"
EndProject
Global
	GlobalSection(SolutionConfigurationPlatforms) = preSolution
		Debug|Any CPU = Debug|Any CPU
		Release|Any CPU = Release|Any CPU
	EndGlobalSection
	GlobalSection(ProjectConfigurationPlatforms) = postSolution
		{14CB0A7C-78EF-4B20-AF70-DFDC36EA29CA}.Debug|Any CPU.ActiveCfg = Debug|Any CPU
		{14CB0A7C-78EF-4B20-AF70-DFDC36EA29CA}.Debug|Any CPU.Build.0 = Debug|Any CPU
		{14CB0A7C-78EF-4B20-AF70-DFDC36EA29CA}.Release|Any CPU.ActiveCfg = Release|Any CPU
		{14CB0A7C-78EF-4B20-AF70-DFDC36EA29CA}.Release|Any CPU.Build.0 = Release|Any CPU
	EndGlobalSection
	GlobalSection(SolutionProperties) = preSolution
		HideSolutionNode = FALSE
	EndGlobalSection
	GlobalSection(ExtensibilityGlobals) = postSolution
		SolutionGuid = {F0A3A3C4-EB8E-48C2-882B-5D29EFDF005E}
	EndGlobalSection
EndGlobal
